github.com/ebitengine/purego v0.8.4 h1:CF7LEKg5FFOsASUj0+QwaXf8Ht6TlFxg09+S9wz0omw=
github.com/ebitengine/purego v0.8.4/go.mod h1:iIjxzd6CiRiOG0UyXP+V1+jWqUXVjPKLAI0mRfJZTmQ=
github.com/gen2brain/raylib-go/raylib v0.55.1 h1:1rdc10WvvYjtj7qijHnV9T38/WuvlT6IIL+PaZ6cNA8=
github.com/gen2brain/raylib-go/raylib v0.55.1/go.mod h1:BaY76bZk7nw1/kVOSQObPY1v1iwVE1KHAGMfvI6oK1Q=
github.com/zedzee37/znoise v0.0.0-20250701160436-f2e6ce318939 h1:hNPPTcI9uFJSk8DTZtLViUZWdLlN5Od+/t0JMB4xVf8=
github.com/zedzee37/znoise v0.0.0-20250701160436-f2e6ce318939/go.mod h1:KrYrCHQz1+DYmDMUlowXvfLty1ECIh8uydfKoPLbYIU=
github.com/zedzee37/znoise v0.0.0-20250701185645-d44d4be77c83 h1:o7Diq6jQB8ZRVbc1xc5fWe+7PbPPU+TzIN5Mwt89EIc=
github.com/zedzee37/znoise v0.0.0-20250701185645-d44d4be77c83/go.mod h1:KrYrCHQz1+DYmDMUlowXvfLty1ECIh8uydfKoPLbYIU=
golang.org/x/exp v0.0.0-20250620022241-b7579e27df2b h1:M2rDM6z3Fhozi9O7NWsxAkg/yqS/lQJ6PmkyIV3YP+o=
golang.org/x/exp v0.0.0-20250620022241-b7579e27df2b/go.mod h1:3//PLf8L/X+8b4vuAfHzxeRUl04Adcb341+IGKfnqS8=
golang.org/x/sys v0.33.0 h1:q3i8TbbEz+JRD9ywIRlyRAQbM0qF7hu24q3teo2hbuw=
golang.org/x/sys v0.33.0/go.mod h1:BJP2sWEmIv4KK5OTEluFJCKSidICx8ciO85XgH3Ak8k=
